// !$*UTF8*$!
{
	archiveVersion = 1;
	classes = {
	};
	objectVersion = 46;
	objects = {

/* Begin PBXBuildFile section */
		5402E68821EF1EB200917445 /* StaticCell.xib in Resources */ = {isa = PBXBuildFile; fileRef = 5402E68621EF1EB100917445 /* StaticCell.xib */; };
		5402E68921EF1EB200917445 /* StaticCell.swift in Sources */ = {isa = PBXBuildFile; fileRef = 5402E68721EF1EB200917445 /* StaticCell.swift */; };
		54211CFF1F54BD4600E8371C /* UIColorExtension.swift in Sources */ = {isa = PBXBuildFile; fileRef = 54EDB4611ECA194100BB5061 /* UIColorExtension.swift */; };
		54211D001F54BD4600E8371C /* FileMonitor.swift in Sources */ = {isa = PBXBuildFile; fileRef = 54EDB4651ECA197400BB5061 /* FileMonitor.swift */; };
		54211D021F54BD4600E8371C /* EventLogger.swift in Sources */ = {isa = PBXBuildFile; fileRef = 54EDB3A41EC869EE00BB5061 /* EventLogger.swift */; };
		54211D041F54BD4600E8371C /* Array+RemoveObject.swift in Sources */ = {isa = PBXBuildFile; fileRef = 543B24DA1ED77A7A00AD99AE /* Array+RemoveObject.swift */; };
		54211D061F54BD4600E8371C /* Data+hexString.swift in Sources */ = {isa = PBXBuildFile; fileRef = 54F49C521F4CDC82008EB1F5 /* Data+hexString.swift */; };
		54211D081F54BD4600E8371C /* SettingsStorage.swift in Sources */ = {isa = PBXBuildFile; fileRef = 54EDB3871EC84F4300BB5061 /* SettingsStorage.swift */; };
		54211D0B1F54BD4600E8371C /* ColorManager.swift in Sources */ = {isa = PBXBuildFile; fileRef = 543E2B361EE4770200F36A35 /* ColorManager.swift */; };
		54211D0E1F54BD4600E8371C /* URL+QueryDictionary.swift in Sources */ = {isa = PBXBuildFile; fileRef = 54EDB4701ECA1EAE00BB5061 /* URL+QueryDictionary.swift */; };
		54211D101F54BD4600E8371C /* Array+ObjectOrNil.swift in Sources */ = {isa = PBXBuildFile; fileRef = 54EDB3B41EC8B29200BB5061 /* Array+ObjectOrNil.swift */; };
		54211D111F54BD4600E8371C /* DispatchQueue+OnMainQueue.swift in Sources */ = {isa = PBXBuildFile; fileRef = 54EDB44E1EC9E81800BB5061 /* DispatchQueue+OnMainQueue.swift */; };
		54211D121F54BD4600E8371C /* String+isEmail.swift in Sources */ = {isa = PBXBuildFile; fileRef = 54F49C501F4CD10E008EB1F5 /* String+isEmail.swift */; };
		54211D131F54BD4600E8371C /* UserSettings.swift in Sources */ = {isa = PBXBuildFile; fileRef = 54EDB3881EC84F4300BB5061 /* UserSettings.swift */; };
		54211D151F54BD4600E8371C /* Limit.swift in Sources */ = {isa = PBXBuildFile; fileRef = 54EDB3B51EC8B29200BB5061 /* Limit.swift */; };
		54211D1C1F54BD4600E8371C /* App Tools.h in Headers */ = {isa = PBXBuildFile; fileRef = 54EDB3501EC84A5F00BB5061 /* App Tools.h */; settings = {ATTRIBUTES = (Public, ); }; };
		5435F61F1F448FA5008C998B /* ButtonCell.swift in Sources */ = {isa = PBXBuildFile; fileRef = 5435F61A1F448C87008C998B /* ButtonCell.swift */; };
		5435F6201F448FA5008C998B /* IconCell.swift in Sources */ = {isa = PBXBuildFile; fileRef = 5435F6181F448C87008C998B /* IconCell.swift */; };
		5435F6211F448FA5008C998B /* SwitchCell.swift in Sources */ = {isa = PBXBuildFile; fileRef = 5435F61B1F448C87008C998B /* SwitchCell.swift */; };
		5435F6221F448FA5008C998B /* TextFieldCell.swift in Sources */ = {isa = PBXBuildFile; fileRef = 5435F61C1F448C87008C998B /* TextFieldCell.swift */; };
		5435F6231F448FAE008C998B /* ButtonCell.xib in Resources */ = {isa = PBXBuildFile; fileRef = 5435F6191F448C87008C998B /* ButtonCell.xib */; };
		5435F6241F448FAE008C998B /* IconCell.xib in Resources */ = {isa = PBXBuildFile; fileRef = 5435F61E1F448C88008C998B /* IconCell.xib */; };
		5435F6251F448FAE008C998B /* SwitchCell.xib in Resources */ = {isa = PBXBuildFile; fileRef = 5435F61D1F448C88008C998B /* SwitchCell.xib */; };
		5435F6261F448FAE008C998B /* TextFieldCell.xib in Resources */ = {isa = PBXBuildFile; fileRef = 5435F6171F448C87008C998B /* TextFieldCell.xib */; };
		5435F6281F448FC5008C998B /* UITableView+Register.swift in Sources */ = {isa = PBXBuildFile; fileRef = 5435F6271F448FC4008C998B /* UITableView+Register.swift */; };
		5435F62A1F44905D008C998B /* UIViewController+KeyboardObservation.swift in Sources */ = {isa = PBXBuildFile; fileRef = 5435F6291F44905B008C998B /* UIViewController+KeyboardObservation.swift */; };
		543B24D71ED72E7600AD99AE /* UIView+Animations.swift in Sources */ = {isa = PBXBuildFile; fileRef = 543B24D61ED72E7600AD99AE /* UIView+Animations.swift */; };
		543B24DB1ED77A7A00AD99AE /* Array+RemoveObject.swift in Sources */ = {isa = PBXBuildFile; fileRef = 543B24DA1ED77A7A00AD99AE /* Array+RemoveObject.swift */; };
		543E2B371EE4770200F36A35 /* ColorManager.swift in Sources */ = {isa = PBXBuildFile; fileRef = 543E2B361EE4770200F36A35 /* ColorManager.swift */; };
		5449B69521D2BB6E00212372 /* CloudKitHelper.swift in Sources */ = {isa = PBXBuildFile; fileRef = 5449B69421D2BB6E00212372 /* CloudKitHelper.swift */; };
		5449B69621D2BDF300212372 /* CloudKitHelper.swift in Sources */ = {isa = PBXBuildFile; fileRef = 5449B69421D2BB6E00212372 /* CloudKitHelper.swift */; };
		5470B7F81F5ACE8D00118D70 /* RatingManager.swift in Sources */ = {isa = PBXBuildFile; fileRef = 5470B7F71F5ACE8D00118D70 /* RatingManager.swift */; };
		5470B7FA1F5ACEC600118D70 /* InstallAge.swift in Sources */ = {isa = PBXBuildFile; fileRef = 5470B7F91F5ACEC600118D70 /* InstallAge.swift */; };
		5470B7FB1F5AD09500118D70 /* InstallAge.swift in Sources */ = {isa = PBXBuildFile; fileRef = 5470B7F91F5ACEC600118D70 /* InstallAge.swift */; };
		54A24B192222C336007DF337 /* NumericTypes.swift in Sources */ = {isa = PBXBuildFile; fileRef = 54A24B182222C336007DF337 /* NumericTypes.swift */; };
		54ABCA3F1FEADD3A006D7752 /* TapticFeedback.swift in Sources */ = {isa = PBXBuildFile; fileRef = 54ABCA3E1FEADD3A006D7752 /* TapticFeedback.swift */; };
		54DA499F1ED019DE007A82C4 /* UITableView+deselectRow.swift in Sources */ = {isa = PBXBuildFile; fileRef = 54DA499E1ED019DE007A82C4 /* UITableView+deselectRow.swift */; };
		54DA49AD1ED01A83007A82C4 /* UIView+Transition.swift in Sources */ = {isa = PBXBuildFile; fileRef = 54DA49AC1ED01A83007A82C4 /* UIView+Transition.swift */; };
		54EDB3521EC84A5F00BB5061 /* App Tools.h in Headers */ = {isa = PBXBuildFile; fileRef = 54EDB3501EC84A5F00BB5061 /* App Tools.h */; settings = {ATTRIBUTES = (Public, ); }; };
		54EDB3851EC84F3900BB5061 /* ScrollingStackView.swift in Sources */ = {isa = PBXBuildFile; fileRef = 54EDB3831EC84F3900BB5061 /* ScrollingStackView.swift */; };
		54EDB3861EC84F3900BB5061 /* XIbLoadable.swift in Sources */ = {isa = PBXBuildFile; fileRef = 54EDB3841EC84F3900BB5061 /* XIbLoadable.swift */; };
		54EDB3891EC84F4300BB5061 /* SettingsStorage.swift in Sources */ = {isa = PBXBuildFile; fileRef = 54EDB3871EC84F4300BB5061 /* SettingsStorage.swift */; };
		54EDB38A1EC84F4300BB5061 /* UserSettings.swift in Sources */ = {isa = PBXBuildFile; fileRef = 54EDB3881EC84F4300BB5061 /* UserSettings.swift */; };
		54EDB39C1EC8583200BB5061 /* PurchaseManager.swift in Sources */ = {isa = PBXBuildFile; fileRef = 54EDB39B1EC8583200BB5061 /* PurchaseManager.swift */; };
		54EDB3A51EC869EE00BB5061 /* EventLogger.swift in Sources */ = {isa = PBXBuildFile; fileRef = 54EDB3A41EC869EE00BB5061 /* EventLogger.swift */; };
		54EDB3A81EC86B9B00BB5061 /* SupportMailController.swift in Sources */ = {isa = PBXBuildFile; fileRef = 54EDB3A71EC86B9B00BB5061 /* SupportMailController.swift */; };
		54EDB3B71EC8B29200BB5061 /* AppState.swift in Sources */ = {isa = PBXBuildFile; fileRef = 54EDB3B31EC8B29200BB5061 /* AppState.swift */; };
		54EDB3B81EC8B29200BB5061 /* Array+ObjectOrNil.swift in Sources */ = {isa = PBXBuildFile; fileRef = 54EDB3B41EC8B29200BB5061 /* Array+ObjectOrNil.swift */; };
		54EDB3B91EC8B29200BB5061 /* Limit.swift in Sources */ = {isa = PBXBuildFile; fileRef = 54EDB3B51EC8B29200BB5061 /* Limit.swift */; };
		54EDB3BA1EC8B29200BB5061 /* UIControl+Blocks.swift in Sources */ = {isa = PBXBuildFile; fileRef = 54EDB3B61EC8B29200BB5061 /* UIControl+Blocks.swift */; };
		54EDB44F1EC9E81800BB5061 /* DispatchQueue+OnMainQueue.swift in Sources */ = {isa = PBXBuildFile; fileRef = 54EDB44E1EC9E81800BB5061 /* DispatchQueue+OnMainQueue.swift */; };
		54EDB4631ECA194100BB5061 /* UIColorExtension.swift in Sources */ = {isa = PBXBuildFile; fileRef = 54EDB4611ECA194100BB5061 /* UIColorExtension.swift */; };
		54EDB4661ECA197400BB5061 /* FileMonitor.swift in Sources */ = {isa = PBXBuildFile; fileRef = 54EDB4651ECA197400BB5061 /* FileMonitor.swift */; };
		54EDB4711ECA1EAE00BB5061 /* URL+QueryDictionary.swift in Sources */ = {isa = PBXBuildFile; fileRef = 54EDB4701ECA1EAE00BB5061 /* URL+QueryDictionary.swift */; };
		54F49C511F4CD10E008EB1F5 /* String+isEmail.swift in Sources */ = {isa = PBXBuildFile; fileRef = 54F49C501F4CD10E008EB1F5 /* String+isEmail.swift */; };
		54F49C531F4CDC82008EB1F5 /* Data+hexString.swift in Sources */ = {isa = PBXBuildFile; fileRef = 54F49C521F4CDC82008EB1F5 /* Data+hexString.swift */; };
/* End PBXBuildFile section */

/* Begin PBXFileReference section */
		5402E68621EF1EB100917445 /* StaticCell.xib */ = {isa = PBXFileReference; fileEncoding = 4; lastKnownFileType = file.xib; path = StaticCell.xib; sourceTree = "<group>"; };
		5402E68721EF1EB200917445 /* StaticCell.swift */ = {isa = PBXFileReference; fileEncoding = 4; lastKnownFileType = sourcecode.swift; path = StaticCell.swift; sourceTree = "<group>"; };
		54211D251F54BD4600E8371C /* AppToolsWatch.framework */ = {isa = PBXFileReference; explicitFileType = wrapper.framework; includeInIndex = 0; path = AppToolsWatch.framework; sourceTree = BUILT_PRODUCTS_DIR; };
		54211D261F54BD4600E8371C /* AppTools-iOS copy-Info.plist */ = {isa = PBXFileReference; lastKnownFileType = text.plist.xml; name = "AppTools-iOS copy-Info.plist"; path = "/Users/Burgstaller/Development/tidur/App Tools/AppTools-iOS copy-Info.plist"; sourceTree = "<absolute>"; };
		5435F6171F448C87008C998B /* TextFieldCell.xib */ = {isa = PBXFileReference; lastKnownFileType = file.xib; path = TextFieldCell.xib; sourceTree = "<group>"; };
		5435F6181F448C87008C998B /* IconCell.swift */ = {isa = PBXFileReference; lastKnownFileType = sourcecode.swift; path = IconCell.swift; sourceTree = "<group>"; };
		5435F6191F448C87008C998B /* ButtonCell.xib */ = {isa = PBXFileReference; lastKnownFileType = file.xib; path = ButtonCell.xib; sourceTree = "<group>"; };
		5435F61A1F448C87008C998B /* ButtonCell.swift */ = {isa = PBXFileReference; lastKnownFileType = sourcecode.swift; path = ButtonCell.swift; sourceTree = "<group>"; };
		5435F61B1F448C87008C998B /* SwitchCell.swift */ = {isa = PBXFileReference; lastKnownFileType = sourcecode.swift; path = SwitchCell.swift; sourceTree = "<group>"; };
		5435F61C1F448C87008C998B /* TextFieldCell.swift */ = {isa = PBXFileReference; lastKnownFileType = sourcecode.swift; path = TextFieldCell.swift; sourceTree = "<group>"; };
		5435F61D1F448C88008C998B /* SwitchCell.xib */ = {isa = PBXFileReference; lastKnownFileType = file.xib; path = SwitchCell.xib; sourceTree = "<group>"; };
		5435F61E1F448C88008C998B /* IconCell.xib */ = {isa = PBXFileReference; lastKnownFileType = file.xib; path = IconCell.xib; sourceTree = "<group>"; };
		5435F6271F448FC4008C998B /* UITableView+Register.swift */ = {isa = PBXFileReference; lastKnownFileType = sourcecode.swift; path = "UITableView+Register.swift"; sourceTree = "<group>"; };
		5435F6291F44905B008C998B /* UIViewController+KeyboardObservation.swift */ = {isa = PBXFileReference; lastKnownFileType = sourcecode.swift; path = "UIViewController+KeyboardObservation.swift"; sourceTree = "<group>"; };
		543B24D61ED72E7600AD99AE /* UIView+Animations.swift */ = {isa = PBXFileReference; fileEncoding = 4; lastKnownFileType = sourcecode.swift; name = "UIView+Animations.swift"; path = "App Tools/UIView+Animations.swift"; sourceTree = "<group>"; };
		543B24DA1ED77A7A00AD99AE /* Array+RemoveObject.swift */ = {isa = PBXFileReference; fileEncoding = 4; lastKnownFileType = sourcecode.swift; name = "Array+RemoveObject.swift"; path = "App Tools/Array+RemoveObject.swift"; sourceTree = "<group>"; };
		543E2B361EE4770200F36A35 /* ColorManager.swift */ = {isa = PBXFileReference; fileEncoding = 4; lastKnownFileType = sourcecode.swift; name = ColorManager.swift; path = "App Tools/ColorManager.swift"; sourceTree = "<group>"; };
		5449B69421D2BB6E00212372 /* CloudKitHelper.swift */ = {isa = PBXFileReference; lastKnownFileType = sourcecode.swift; path = CloudKitHelper.swift; sourceTree = "<group>"; };
		5470B7F71F5ACE8D00118D70 /* RatingManager.swift */ = {isa = PBXFileReference; lastKnownFileType = sourcecode.swift; path = RatingManager.swift; sourceTree = "<group>"; };
		5470B7F91F5ACEC600118D70 /* InstallAge.swift */ = {isa = PBXFileReference; lastKnownFileType = sourcecode.swift; path = InstallAge.swift; sourceTree = "<group>"; };
		54A24B182222C336007DF337 /* NumericTypes.swift */ = {isa = PBXFileReference; lastKnownFileType = sourcecode.swift; path = NumericTypes.swift; sourceTree = "<group>"; };
		54ABCA3E1FEADD3A006D7752 /* TapticFeedback.swift */ = {isa = PBXFileReference; lastKnownFileType = sourcecode.swift; path = TapticFeedback.swift; sourceTree = "<group>"; };
		54DA499E1ED019DE007A82C4 /* UITableView+deselectRow.swift */ = {isa = PBXFileReference; fileEncoding = 4; lastKnownFileType = sourcecode.swift; name = "UITableView+deselectRow.swift"; path = "App Tools/UITableView+deselectRow.swift"; sourceTree = "<group>"; };
		54DA49AC1ED01A83007A82C4 /* UIView+Transition.swift */ = {isa = PBXFileReference; fileEncoding = 4; lastKnownFileType = sourcecode.swift; name = "UIView+Transition.swift"; path = "App Tools/UIView+Transition.swift"; sourceTree = "<group>"; };
		54EDB34E1EC84A5F00BB5061 /* AppToolsMobile.framework */ = {isa = PBXFileReference; explicitFileType = wrapper.framework; includeInIndex = 0; path = AppToolsMobile.framework; sourceTree = BUILT_PRODUCTS_DIR; };
		54EDB3501EC84A5F00BB5061 /* App Tools.h */ = {isa = PBXFileReference; lastKnownFileType = sourcecode.c.h; path = "App Tools.h"; sourceTree = "<group>"; };
		54EDB3511EC84A5F00BB5061 /* Info.plist */ = {isa = PBXFileReference; lastKnownFileType = text.plist.xml; path = Info.plist; sourceTree = "<group>"; };
		54EDB3831EC84F3900BB5061 /* ScrollingStackView.swift */ = {isa = PBXFileReference; fileEncoding = 4; lastKnownFileType = sourcecode.swift; name = ScrollingStackView.swift; path = "App Tools/Views/ScrollingStackView.swift"; sourceTree = "<group>"; };
		54EDB3841EC84F3900BB5061 /* XIbLoadable.swift */ = {isa = PBXFileReference; fileEncoding = 4; lastKnownFileType = sourcecode.swift; name = XIbLoadable.swift; path = "App Tools/Views/XIbLoadable.swift"; sourceTree = "<group>"; };
		54EDB3871EC84F4300BB5061 /* SettingsStorage.swift */ = {isa = PBXFileReference; fileEncoding = 4; lastKnownFileType = sourcecode.swift; name = SettingsStorage.swift; path = "App Tools/User Settings/SettingsStorage.swift"; sourceTree = "<group>"; };
		54EDB3881EC84F4300BB5061 /* UserSettings.swift */ = {isa = PBXFileReference; fileEncoding = 4; lastKnownFileType = sourcecode.swift; name = UserSettings.swift; path = "App Tools/User Settings/UserSettings.swift"; sourceTree = "<group>"; };
		54EDB39B1EC8583200BB5061 /* PurchaseManager.swift */ = {isa = PBXFileReference; fileEncoding = 4; lastKnownFileType = sourcecode.swift; name = PurchaseManager.swift; path = "App Tools/Purchases/PurchaseManager.swift"; sourceTree = "<group>"; };
		54EDB3A41EC869EE00BB5061 /* EventLogger.swift */ = {isa = PBXFileReference; fileEncoding = 4; lastKnownFileType = sourcecode.swift; name = EventLogger.swift; path = "App Tools/EventLogger.swift"; sourceTree = "<group>"; };
		54EDB3A71EC86B9B00BB5061 /* SupportMailController.swift */ = {isa = PBXFileReference; fileEncoding = 4; lastKnownFileType = sourcecode.swift; name = SupportMailController.swift; path = "App Tools/Views/SupportMailController.swift"; sourceTree = "<group>"; };
		54EDB3B31EC8B29200BB5061 /* AppState.swift */ = {isa = PBXFileReference; fileEncoding = 4; lastKnownFileType = sourcecode.swift; name = AppState.swift; path = "App Tools/Tools/AppState.swift"; sourceTree = SOURCE_ROOT; };
		54EDB3B41EC8B29200BB5061 /* Array+ObjectOrNil.swift */ = {isa = PBXFileReference; fileEncoding = 4; lastKnownFileType = sourcecode.swift; name = "Array+ObjectOrNil.swift"; path = "App Tools/Tools/Array+ObjectOrNil.swift"; sourceTree = SOURCE_ROOT; };
		54EDB3B51EC8B29200BB5061 /* Limit.swift */ = {isa = PBXFileReference; fileEncoding = 4; lastKnownFileType = sourcecode.swift; name = Limit.swift; path = "App Tools/Tools/Limit.swift"; sourceTree = SOURCE_ROOT; };
		54EDB3B61EC8B29200BB5061 /* UIControl+Blocks.swift */ = {isa = PBXFileReference; fileEncoding = 4; lastKnownFileType = sourcecode.swift; name = "UIControl+Blocks.swift"; path = "App Tools/Tools/UIControl+Blocks.swift"; sourceTree = SOURCE_ROOT; };
		54EDB44E1EC9E81800BB5061 /* DispatchQueue+OnMainQueue.swift */ = {isa = PBXFileReference; fileEncoding = 4; lastKnownFileType = sourcecode.swift; name = "DispatchQueue+OnMainQueue.swift"; path = "App Tools/Tools/DispatchQueue+OnMainQueue.swift"; sourceTree = SOURCE_ROOT; };
		54EDB4611ECA194100BB5061 /* UIColorExtension.swift */ = {isa = PBXFileReference; fileEncoding = 4; lastKnownFileType = sourcecode.swift; name = UIColorExtension.swift; path = "App Tools/UIColorExtension.swift"; sourceTree = "<group>"; };
		54EDB4651ECA197400BB5061 /* FileMonitor.swift */ = {isa = PBXFileReference; fileEncoding = 4; lastKnownFileType = sourcecode.swift; name = FileMonitor.swift; path = "App Tools/Tools/FileMonitor.swift"; sourceTree = SOURCE_ROOT; };
		54EDB4701ECA1EAE00BB5061 /* URL+QueryDictionary.swift */ = {isa = PBXFileReference; fileEncoding = 4; lastKnownFileType = sourcecode.swift; name = "URL+QueryDictionary.swift"; path = "App Tools/URL+QueryDictionary.swift"; sourceTree = "<group>"; };
		54F49C501F4CD10E008EB1F5 /* String+isEmail.swift */ = {isa = PBXFileReference; lastKnownFileType = sourcecode.swift; path = "String+isEmail.swift"; sourceTree = "<group>"; };
		54F49C521F4CDC82008EB1F5 /* Data+hexString.swift */ = {isa = PBXFileReference; lastKnownFileType = sourcecode.swift; path = "Data+hexString.swift"; sourceTree = "<group>"; };
/* End PBXFileReference section */

/* Begin PBXFrameworksBuildPhase section */
		54211D1A1F54BD4600E8371C /* Frameworks */ = {
			isa = PBXFrameworksBuildPhase;
			buildActionMask = 2147483647;
			files = (
			);
			runOnlyForDeploymentPostprocessing = 0;
		};
		54EDB34A1EC84A5F00BB5061 /* Frameworks */ = {
			isa = PBXFrameworksBuildPhase;
			buildActionMask = 2147483647;
			files = (
			);
			runOnlyForDeploymentPostprocessing = 0;
		};
/* End PBXFrameworksBuildPhase section */

/* Begin PBXGroup section */
		5435F6161F448C67008C998B /* TableViewCells */ = {
			isa = PBXGroup;
			children = (
				5435F61A1F448C87008C998B /* ButtonCell.swift */,
				5435F6191F448C87008C998B /* ButtonCell.xib */,
				5435F6181F448C87008C998B /* IconCell.swift */,
				5435F61E1F448C88008C998B /* IconCell.xib */,
				5402E68721EF1EB200917445 /* StaticCell.swift */,
				5402E68621EF1EB100917445 /* StaticCell.xib */,
				5435F61B1F448C87008C998B /* SwitchCell.swift */,
				5435F61D1F448C88008C998B /* SwitchCell.xib */,
				5435F61C1F448C87008C998B /* TextFieldCell.swift */,
				5435F6171F448C87008C998B /* TextFieldCell.xib */,
			);
			name = TableViewCells;
			sourceTree = "<group>";
		};
		5449B69321D2BB5300212372 /* CloudKit */ = {
			isa = PBXGroup;
			children = (
				5449B69421D2BB6E00212372 /* CloudKitHelper.swift */,
			);
			name = CloudKit;
			sourceTree = "<group>";
		};
		546EB3041F5ADE9D00E980A1 /* Ratings */ = {
			isa = PBXGroup;
			children = (
				5470B7F71F5ACE8D00118D70 /* RatingManager.swift */,
			);
			name = Ratings;
			sourceTree = "<group>";
		};
		54EDB31B1EC848E800BB5061 = {
			isa = PBXGroup;
			children = (
				54ABCA3E1FEADD3A006D7752 /* TapticFeedback.swift */,
				5449B69321D2BB5300212372 /* CloudKit */,
				546EB3041F5ADE9D00E980A1 /* Ratings */,
				5435F6161F448C67008C998B /* TableViewCells */,
				54EDB46F1ECA1E9E00BB5061 /* Extensions */,
				54EDB4641ECA195300BB5061 /* Colors */,
				54EDB3A31EC869DF00BB5061 /* Events */,
				54EDB39D1EC8583600BB5061 /* Purchases */,
				54EDB3761EC84ED900BB5061 /* Tools */,
				54EDB3711EC84E6C00BB5061 /* User Settings */,
				54EDB3651EC84CA100BB5061 /* Views */,
				54EDB34F1EC84A5F00BB5061 /* App Tools */,
				54EDB3261EC848E900BB5061 /* Products */,
				54211D261F54BD4600E8371C /* AppTools-iOS copy-Info.plist */,
			);
			sourceTree = "<group>";
		};
		54EDB3261EC848E900BB5061 /* Products */ = {
			isa = PBXGroup;
			children = (
				54EDB34E1EC84A5F00BB5061 /* AppToolsMobile.framework */,
				54211D251F54BD4600E8371C /* AppToolsWatch.framework */,
			);
			name = Products;
			sourceTree = "<group>";
		};
		54EDB34F1EC84A5F00BB5061 /* App Tools */ = {
			isa = PBXGroup;
			children = (
				54EDB3501EC84A5F00BB5061 /* App Tools.h */,
				54EDB3511EC84A5F00BB5061 /* Info.plist */,
			);
			path = "App Tools";
			sourceTree = "<group>";
		};
		54EDB3651EC84CA100BB5061 /* Views */ = {
			isa = PBXGroup;
			children = (
				54EDB3831EC84F3900BB5061 /* ScrollingStackView.swift */,
				54EDB3841EC84F3900BB5061 /* XIbLoadable.swift */,
				54EDB3A71EC86B9B00BB5061 /* SupportMailController.swift */,
			);
			name = Views;
			sourceTree = "<group>";
		};
		54EDB3711EC84E6C00BB5061 /* User Settings */ = {
			isa = PBXGroup;
			children = (
				54EDB3871EC84F4300BB5061 /* SettingsStorage.swift */,
				54EDB3881EC84F4300BB5061 /* UserSettings.swift */,
				5470B7F91F5ACEC600118D70 /* InstallAge.swift */,
			);
			name = "User Settings";
			sourceTree = "<group>";
		};
		54EDB3761EC84ED900BB5061 /* Tools */ = {
			isa = PBXGroup;
			children = (
				54EDB4651ECA197400BB5061 /* FileMonitor.swift */,
				54EDB3B31EC8B29200BB5061 /* AppState.swift */,
				54EDB3B51EC8B29200BB5061 /* Limit.swift */,
			);
			name = Tools;
			path = "App Tools/Tools";
			sourceTree = "<group>";
		};
		54EDB39D1EC8583600BB5061 /* Purchases */ = {
			isa = PBXGroup;
			children = (
				54EDB39B1EC8583200BB5061 /* PurchaseManager.swift */,
			);
			name = Purchases;
			sourceTree = "<group>";
		};
		54EDB3A31EC869DF00BB5061 /* Events */ = {
			isa = PBXGroup;
			children = (
				54EDB3A41EC869EE00BB5061 /* EventLogger.swift */,
			);
			name = Events;
			sourceTree = "<group>";
		};
		54EDB4641ECA195300BB5061 /* Colors */ = {
			isa = PBXGroup;
			children = (
				54EDB4611ECA194100BB5061 /* UIColorExtension.swift */,
				543E2B361EE4770200F36A35 /* ColorManager.swift */,
			);
			name = Colors;
			sourceTree = "<group>";
		};
		54EDB46F1ECA1E9E00BB5061 /* Extensions */ = {
			isa = PBXGroup;
			children = (
				5435F6271F448FC4008C998B /* UITableView+Register.swift */,
				54A24B182222C336007DF337 /* NumericTypes.swift */,
				5435F6291F44905B008C998B /* UIViewController+KeyboardObservation.swift */,
				543B24D61ED72E7600AD99AE /* UIView+Animations.swift */,
				54EDB3B61EC8B29200BB5061 /* UIControl+Blocks.swift */,
				54DA49AC1ED01A83007A82C4 /* UIView+Transition.swift */,
				54EDB3B41EC8B29200BB5061 /* Array+ObjectOrNil.swift */,
				54EDB44E1EC9E81800BB5061 /* DispatchQueue+OnMainQueue.swift */,
				54EDB4701ECA1EAE00BB5061 /* URL+QueryDictionary.swift */,
				54DA499E1ED019DE007A82C4 /* UITableView+deselectRow.swift */,
				543B24DA1ED77A7A00AD99AE /* Array+RemoveObject.swift */,
				54F49C501F4CD10E008EB1F5 /* String+isEmail.swift */,
				54F49C521F4CDC82008EB1F5 /* Data+hexString.swift */,
			);
			name = Extensions;
			sourceTree = "<group>";
		};
/* End PBXGroup section */

/* Begin PBXHeadersBuildPhase section */
		54211D1B1F54BD4600E8371C /* Headers */ = {
			isa = PBXHeadersBuildPhase;
			buildActionMask = 2147483647;
			files = (
				54211D1C1F54BD4600E8371C /* App Tools.h in Headers */,
			);
			runOnlyForDeploymentPostprocessing = 0;
		};
		54EDB34B1EC84A5F00BB5061 /* Headers */ = {
			isa = PBXHeadersBuildPhase;
			buildActionMask = 2147483647;
			files = (
				54EDB3521EC84A5F00BB5061 /* App Tools.h in Headers */,
			);
			runOnlyForDeploymentPostprocessing = 0;
		};
/* End PBXHeadersBuildPhase section */

/* Begin PBXNativeTarget section */
		54211CFC1F54BD4600E8371C /* AppToolsWatch */ = {
			isa = PBXNativeTarget;
			buildConfigurationList = 54211D221F54BD4600E8371C /* Build configuration list for PBXNativeTarget "AppToolsWatch" */;
			buildPhases = (
				54211CFD1F54BD4600E8371C /* Sources */,
				54211D1A1F54BD4600E8371C /* Frameworks */,
				54211D1B1F54BD4600E8371C /* Headers */,
				54211D1D1F54BD4600E8371C /* Resources */,
			);
			buildRules = (
			);
			dependencies = (
			);
			name = AppToolsWatch;
			productName = "App Tools";
			productReference = 54211D251F54BD4600E8371C /* AppToolsWatch.framework */;
			productType = "com.apple.product-type.framework";
		};
		54EDB34D1EC84A5F00BB5061 /* AppToolsMobile */ = {
			isa = PBXNativeTarget;
			buildConfigurationList = 54EDB3551EC84A5F00BB5061 /* Build configuration list for PBXNativeTarget "AppToolsMobile" */;
			buildPhases = (
				54EDB3491EC84A5F00BB5061 /* Sources */,
				54EDB34A1EC84A5F00BB5061 /* Frameworks */,
				54EDB34B1EC84A5F00BB5061 /* Headers */,
				54EDB34C1EC84A5F00BB5061 /* Resources */,
			);
			buildRules = (
			);
			dependencies = (
			);
			name = AppToolsMobile;
			productName = "App Tools";
			productReference = 54EDB34E1EC84A5F00BB5061 /* AppToolsMobile.framework */;
			productType = "com.apple.product-type.framework";
		};
/* End PBXNativeTarget section */

/* Begin PBXProject section */
		54EDB31C1EC848E800BB5061 /* Project object */ = {
			isa = PBXProject;
			attributes = {
				LastUpgradeCheck = 1010;
				ORGANIZATIONNAME = Lukas;
				TargetAttributes = {
					54211CFC1F54BD4600E8371C = {
						DevelopmentTeam = 2BRYXER7S6;
						LastSwiftMigration = 1010;
						ProvisioningStyle = Automatic;
					};
					54EDB34D1EC84A5F00BB5061 = {
						CreatedOnToolsVersion = 8.3.2;
						DevelopmentTeam = 2BRYXER7S6;
						LastSwiftMigration = 1010;
						ProvisioningStyle = Automatic;
					};
				};
			};
			buildConfigurationList = 54EDB31F1EC848E800BB5061 /* Build configuration list for PBXProject "VSCAppTools" */;
			compatibilityVersion = "Xcode 3.2";
			developmentRegion = English;
			hasScannedForEncodings = 0;
			knownRegions = (
				en,
			);
			mainGroup = 54EDB31B1EC848E800BB5061;
			productRefGroup = 54EDB3261EC848E900BB5061 /* Products */;
			projectDirPath = "";
			projectRoot = "";
			targets = (
				54EDB34D1EC84A5F00BB5061 /* AppToolsMobile */,
				54211CFC1F54BD4600E8371C /* AppToolsWatch */,
			);
		};
/* End PBXProject section */

/* Begin PBXResourcesBuildPhase section */
		54211D1D1F54BD4600E8371C /* Resources */ = {
			isa = PBXResourcesBuildPhase;
			buildActionMask = 2147483647;
			files = (
			);
			runOnlyForDeploymentPostprocessing = 0;
		};
		54EDB34C1EC84A5F00BB5061 /* Resources */ = {
			isa = PBXResourcesBuildPhase;
			buildActionMask = 2147483647;
			files = (
				5435F6231F448FAE008C998B /* ButtonCell.xib in Resources */,
				5435F6241F448FAE008C998B /* IconCell.xib in Resources */,
				5435F6251F448FAE008C998B /* SwitchCell.xib in Resources */,
				5435F6261F448FAE008C998B /* TextFieldCell.xib in Resources */,
				5402E68821EF1EB200917445 /* StaticCell.xib in Resources */,
			);
			runOnlyForDeploymentPostprocessing = 0;
		};
/* End PBXResourcesBuildPhase section */

/* Begin PBXSourcesBuildPhase section */
		54211CFD1F54BD4600E8371C /* Sources */ = {
			isa = PBXSourcesBuildPhase;
			buildActionMask = 2147483647;
			files = (
				54211CFF1F54BD4600E8371C /* UIColorExtension.swift in Sources */,
				54211D001F54BD4600E8371C /* FileMonitor.swift in Sources */,
				54211D021F54BD4600E8371C /* EventLogger.swift in Sources */,
				5470B7FB1F5AD09500118D70 /* InstallAge.swift in Sources */,
				54211D041F54BD4600E8371C /* Array+RemoveObject.swift in Sources */,
				54211D061F54BD4600E8371C /* Data+hexString.swift in Sources */,
				54211D081F54BD4600E8371C /* SettingsStorage.swift in Sources */,
				54211D0B1F54BD4600E8371C /* ColorManager.swift in Sources */,
				54211D0E1F54BD4600E8371C /* URL+QueryDictionary.swift in Sources */,
				54211D101F54BD4600E8371C /* Array+ObjectOrNil.swift in Sources */,
				5449B69621D2BDF300212372 /* CloudKitHelper.swift in Sources */,
				54211D111F54BD4600E8371C /* DispatchQueue+OnMainQueue.swift in Sources */,
				54211D121F54BD4600E8371C /* String+isEmail.swift in Sources */,
				54211D131F54BD4600E8371C /* UserSettings.swift in Sources */,
				54211D151F54BD4600E8371C /* Limit.swift in Sources */,
			);
			runOnlyForDeploymentPostprocessing = 0;
		};
		54EDB3491EC84A5F00BB5061 /* Sources */ = {
			isa = PBXSourcesBuildPhase;
			buildActionMask = 2147483647;
			files = (
				54EDB3851EC84F3900BB5061 /* ScrollingStackView.swift in Sources */,
				54EDB4631ECA194100BB5061 /* UIColorExtension.swift in Sources */,
				54EDB4661ECA197400BB5061 /* FileMonitor.swift in Sources */,
				54EDB39C1EC8583200BB5061 /* PurchaseManager.swift in Sources */,
				54EDB3A51EC869EE00BB5061 /* EventLogger.swift in Sources */,
				54A24B192222C336007DF337 /* NumericTypes.swift in Sources */,
				54DA499F1ED019DE007A82C4 /* UITableView+deselectRow.swift in Sources */,
				543B24DB1ED77A7A00AD99AE /* Array+RemoveObject.swift in Sources */,
				5470B7FA1F5ACEC600118D70 /* InstallAge.swift in Sources */,
				5402E68921EF1EB200917445 /* StaticCell.swift in Sources */,
				54EDB3BA1EC8B29200BB5061 /* UIControl+Blocks.swift in Sources */,
				54ABCA3F1FEADD3A006D7752 /* TapticFeedback.swift in Sources */,
				54F49C531F4CDC82008EB1F5 /* Data+hexString.swift in Sources */,
				54EDB3B71EC8B29200BB5061 /* AppState.swift in Sources */,
				54EDB3891EC84F4300BB5061 /* SettingsStorage.swift in Sources */,
				5435F62A1F44905D008C998B /* UIViewController+KeyboardObservation.swift in Sources */,
				54EDB3861EC84F3900BB5061 /* XIbLoadable.swift in Sources */,
				543E2B371EE4770200F36A35 /* ColorManager.swift in Sources */,
				5470B7F81F5ACE8D00118D70 /* RatingManager.swift in Sources */,
				54EDB3A81EC86B9B00BB5061 /* SupportMailController.swift in Sources */,
				543B24D71ED72E7600AD99AE /* UIView+Animations.swift in Sources */,
				54EDB4711ECA1EAE00BB5061 /* URL+QueryDictionary.swift in Sources */,
				5435F6211F448FA5008C998B /* SwitchCell.swift in Sources */,
				54EDB3B81EC8B29200BB5061 /* Array+ObjectOrNil.swift in Sources */,
				54EDB44F1EC9E81800BB5061 /* DispatchQueue+OnMainQueue.swift in Sources */,
				54F49C511F4CD10E008EB1F5 /* String+isEmail.swift in Sources */,
				54EDB38A1EC84F4300BB5061 /* UserSettings.swift in Sources */,
				5435F6281F448FC5008C998B /* UITableView+Register.swift in Sources */,
				54EDB3B91EC8B29200BB5061 /* Limit.swift in Sources */,
				5435F6201F448FA5008C998B /* IconCell.swift in Sources */,
				5449B69521D2BB6E00212372 /* CloudKitHelper.swift in Sources */,
				54DA49AD1ED01A83007A82C4 /* UIView+Transition.swift in Sources */,
				5435F61F1F448FA5008C998B /* ButtonCell.swift in Sources */,
				5435F6221F448FA5008C998B /* TextFieldCell.swift in Sources */,
			);
			runOnlyForDeploymentPostprocessing = 0;
		};
/* End PBXSourcesBuildPhase section */

/* Begin XCBuildConfiguration section */
		54211D231F54BD4600E8371C /* Debug */ = {
			isa = XCBuildConfiguration;
			buildSettings = {
				APPLICATION_EXTENSION_API_ONLY = YES;
				CLANG_ENABLE_MODULES = YES;
				CODE_SIGN_IDENTITY = "";
				CODE_SIGN_STYLE = Automatic;
				DEFINES_MODULE = YES;
				DEVELOPMENT_TEAM = "";
				DYLIB_COMPATIBILITY_VERSION = 1;
				DYLIB_CURRENT_VERSION = 1;
				DYLIB_INSTALL_NAME_BASE = "@rpath";
				INFOPLIST_FILE = "AppTools-iOS copy-Info.plist";
				INSTALL_PATH = "$(LOCAL_LIBRARY_DIR)/Frameworks";
				IPHONEOS_DEPLOYMENT_TARGET = 10.0;
				LD_RUNPATH_SEARCH_PATHS = "$(inherited) @executable_path/Frameworks @loader_path/Frameworks";
				PRODUCT_BUNDLE_IDENTIFIER = "net.voidstern.App-Tools";
				PRODUCT_NAME = "$(TARGET_NAME)";
				PROVISIONING_PROFILE_SPECIFIER = "";
				SDKROOT = watchos;
				SKIP_INSTALL = YES;
				SWIFT_OPTIMIZATION_LEVEL = "-Onone";
				SWIFT_VERSION = 4.2;
				WATCHOS_DEPLOYMENT_TARGET = 3.0;
			};
			name = Debug;
		};
		54211D241F54BD4600E8371C /* Release */ = {
			isa = XCBuildConfiguration;
			buildSettings = {
				APPLICATION_EXTENSION_API_ONLY = YES;
				CLANG_ENABLE_MODULES = YES;
				CODE_SIGN_IDENTITY = "";
				CODE_SIGN_STYLE = Automatic;
				DEFINES_MODULE = YES;
				DEVELOPMENT_TEAM = "";
				DYLIB_COMPATIBILITY_VERSION = 1;
				DYLIB_CURRENT_VERSION = 1;
				DYLIB_INSTALL_NAME_BASE = "@rpath";
				INFOPLIST_FILE = "AppTools-iOS copy-Info.plist";
				INSTALL_PATH = "$(LOCAL_LIBRARY_DIR)/Frameworks";
				IPHONEOS_DEPLOYMENT_TARGET = 10.0;
				LD_RUNPATH_SEARCH_PATHS = "$(inherited) @executable_path/Frameworks @loader_path/Frameworks";
				PRODUCT_BUNDLE_IDENTIFIER = "net.voidstern.App-Tools";
				PRODUCT_NAME = "$(TARGET_NAME)";
				PROVISIONING_PROFILE_SPECIFIER = "";
				SDKROOT = watchos;
				SKIP_INSTALL = YES;
				SWIFT_VERSION = 4.2;
				WATCHOS_DEPLOYMENT_TARGET = 3.0;
			};
			name = Release;
		};
		54EDB32B1EC848E900BB5061 /* Debug */ = {
			isa = XCBuildConfiguration;
			buildSettings = {
				ALWAYS_SEARCH_USER_PATHS = NO;
				CLANG_ANALYZER_NONNULL = YES;
				CLANG_ANALYZER_NUMBER_OBJECT_CONVERSION = YES_AGGRESSIVE;
				CLANG_CXX_LANGUAGE_STANDARD = "gnu++0x";
				CLANG_CXX_LIBRARY = "libc++";
				CLANG_ENABLE_MODULES = YES;
				CLANG_ENABLE_OBJC_ARC = YES;
				CLANG_WARN_BLOCK_CAPTURE_AUTORELEASING = YES;
				CLANG_WARN_BOOL_CONVERSION = YES;
				CLANG_WARN_COMMA = YES;
				CLANG_WARN_CONSTANT_CONVERSION = YES;
				CLANG_WARN_DEPRECATED_OBJC_IMPLEMENTATIONS = YES;
				CLANG_WARN_DIRECT_OBJC_ISA_USAGE = YES_ERROR;
				CLANG_WARN_DOCUMENTATION_COMMENTS = YES;
				CLANG_WARN_EMPTY_BODY = YES;
				CLANG_WARN_ENUM_CONVERSION = YES;
				CLANG_WARN_INFINITE_RECURSION = YES;
				CLANG_WARN_INT_CONVERSION = YES;
				CLANG_WARN_NON_LITERAL_NULL_CONVERSION = YES;
				CLANG_WARN_OBJC_IMPLICIT_RETAIN_SELF = YES;
				CLANG_WARN_OBJC_LITERAL_CONVERSION = YES;
				CLANG_WARN_OBJC_ROOT_CLASS = YES_ERROR;
				CLANG_WARN_RANGE_LOOP_ANALYSIS = YES;
				CLANG_WARN_STRICT_PROTOTYPES = YES;
				CLANG_WARN_SUSPICIOUS_MOVE = YES;
				CLANG_WARN_UNREACHABLE_CODE = YES;
				CLANG_WARN__DUPLICATE_METHOD_MATCH = YES;
				"CODE_SIGN_IDENTITY[sdk=iphoneos*]" = "iPhone Developer";
				COPY_PHASE_STRIP = NO;
				CURRENT_PROJECT_VERSION = 1;
				DEBUG_INFORMATION_FORMAT = dwarf;
				ENABLE_STRICT_OBJC_MSGSEND = YES;
				ENABLE_TESTABILITY = YES;
				GCC_C_LANGUAGE_STANDARD = gnu99;
				GCC_DYNAMIC_NO_PIC = NO;
				GCC_NO_COMMON_BLOCKS = YES;
				GCC_OPTIMIZATION_LEVEL = 0;
				GCC_PREPROCESSOR_DEFINITIONS = (
					"DEBUG=1",
					"$(inherited)",
				);
				GCC_WARN_64_TO_32_BIT_CONVERSION = YES;
				GCC_WARN_ABOUT_RETURN_TYPE = YES_ERROR;
				GCC_WARN_UNDECLARED_SELECTOR = YES;
				GCC_WARN_UNINITIALIZED_AUTOS = YES_AGGRESSIVE;
				GCC_WARN_UNUSED_FUNCTION = YES;
				GCC_WARN_UNUSED_VARIABLE = YES;
				IPHONEOS_DEPLOYMENT_TARGET = 10.3;
				MTL_ENABLE_DEBUG_INFO = YES;
				ONLY_ACTIVE_ARCH = YES;
				SDKROOT = iphoneos;
				SWIFT_ACTIVE_COMPILATION_CONDITIONS = DEBUG;
				SWIFT_OPTIMIZATION_LEVEL = "-Onone";
				TARGETED_DEVICE_FAMILY = "1,2";
				VERSIONING_SYSTEM = "apple-generic";
				VERSION_INFO_PREFIX = "";
			};
			name = Debug;
		};
		54EDB32C1EC848E900BB5061 /* Release */ = {
			isa = XCBuildConfiguration;
			buildSettings = {
				ALWAYS_SEARCH_USER_PATHS = NO;
				CLANG_ANALYZER_NONNULL = YES;
				CLANG_ANALYZER_NUMBER_OBJECT_CONVERSION = YES_AGGRESSIVE;
				CLANG_CXX_LANGUAGE_STANDARD = "gnu++0x";
				CLANG_CXX_LIBRARY = "libc++";
				CLANG_ENABLE_MODULES = YES;
				CLANG_ENABLE_OBJC_ARC = YES;
				CLANG_WARN_BLOCK_CAPTURE_AUTORELEASING = YES;
				CLANG_WARN_BOOL_CONVERSION = YES;
				CLANG_WARN_COMMA = YES;
				CLANG_WARN_CONSTANT_CONVERSION = YES;
				CLANG_WARN_DEPRECATED_OBJC_IMPLEMENTATIONS = YES;
				CLANG_WARN_DIRECT_OBJC_ISA_USAGE = YES_ERROR;
				CLANG_WARN_DOCUMENTATION_COMMENTS = YES;
				CLANG_WARN_EMPTY_BODY = YES;
				CLANG_WARN_ENUM_CONVERSION = YES;
				CLANG_WARN_INFINITE_RECURSION = YES;
				CLANG_WARN_INT_CONVERSION = YES;
				CLANG_WARN_NON_LITERAL_NULL_CONVERSION = YES;
				CLANG_WARN_OBJC_IMPLICIT_RETAIN_SELF = YES;
				CLANG_WARN_OBJC_LITERAL_CONVERSION = YES;
				CLANG_WARN_OBJC_ROOT_CLASS = YES_ERROR;
				CLANG_WARN_RANGE_LOOP_ANALYSIS = YES;
				CLANG_WARN_STRICT_PROTOTYPES = YES;
				CLANG_WARN_SUSPICIOUS_MOVE = YES;
				CLANG_WARN_UNREACHABLE_CODE = YES;
				CLANG_WARN__DUPLICATE_METHOD_MATCH = YES;
				"CODE_SIGN_IDENTITY[sdk=iphoneos*]" = "iPhone Developer";
				COPY_PHASE_STRIP = NO;
				CURRENT_PROJECT_VERSION = 1;
				DEBUG_INFORMATION_FORMAT = "dwarf-with-dsym";
				ENABLE_NS_ASSERTIONS = NO;
				ENABLE_STRICT_OBJC_MSGSEND = YES;
				GCC_C_LANGUAGE_STANDARD = gnu99;
				GCC_NO_COMMON_BLOCKS = YES;
				GCC_WARN_64_TO_32_BIT_CONVERSION = YES;
				GCC_WARN_ABOUT_RETURN_TYPE = YES_ERROR;
				GCC_WARN_UNDECLARED_SELECTOR = YES;
				GCC_WARN_UNINITIALIZED_AUTOS = YES_AGGRESSIVE;
				GCC_WARN_UNUSED_FUNCTION = YES;
				GCC_WARN_UNUSED_VARIABLE = YES;
				IPHONEOS_DEPLOYMENT_TARGET = 10.3;
				MTL_ENABLE_DEBUG_INFO = NO;
				SDKROOT = iphoneos;
				SWIFT_OPTIMIZATION_LEVEL = "-Owholemodule";
				TARGETED_DEVICE_FAMILY = "1,2";
				VALIDATE_PRODUCT = YES;
				VERSIONING_SYSTEM = "apple-generic";
				VERSION_INFO_PREFIX = "";
			};
			name = Release;
		};
		54EDB3531EC84A5F00BB5061 /* Debug */ = {
			isa = XCBuildConfiguration;
			buildSettings = {
				APPLICATION_EXTENSION_API_ONLY = YES;
				CLANG_ENABLE_MODULES = YES;
				CODE_SIGN_IDENTITY = "";
				DEFINES_MODULE = YES;
				DEVELOPMENT_TEAM = 2BRYXER7S6;
				DYLIB_COMPATIBILITY_VERSION = 1;
				DYLIB_CURRENT_VERSION = 1;
				DYLIB_INSTALL_NAME_BASE = "@rpath";
				INFOPLIST_FILE = "App Tools/Info.plist";
				INSTALL_PATH = "$(LOCAL_LIBRARY_DIR)/Frameworks";
				IPHONEOS_DEPLOYMENT_TARGET = 11.0;
				LD_RUNPATH_SEARCH_PATHS = "$(inherited) @executable_path/Frameworks @loader_path/Frameworks";
				PRODUCT_BUNDLE_IDENTIFIER = "net.voidstern.App-Tools";
				PRODUCT_NAME = "$(TARGET_NAME)";
				SKIP_INSTALL = YES;
				SWIFT_OPTIMIZATION_LEVEL = "-Onone";
				SWIFT_VERSION = 4.2;
			};
			name = Debug;
		};
		54EDB3541EC84A5F00BB5061 /* Release */ = {
			isa = XCBuildConfiguration;
			buildSettings = {
				APPLICATION_EXTENSION_API_ONLY = YES;
				CLANG_ENABLE_MODULES = YES;
				CODE_SIGN_IDENTITY = "";
				DEFINES_MODULE = YES;
				DEVELOPMENT_TEAM = 2BRYXER7S6;
				DYLIB_COMPATIBILITY_VERSION = 1;
				DYLIB_CURRENT_VERSION = 1;
				DYLIB_INSTALL_NAME_BASE = "@rpath";
				INFOPLIST_FILE = "App Tools/Info.plist";
				INSTALL_PATH = "$(LOCAL_LIBRARY_DIR)/Frameworks";
				IPHONEOS_DEPLOYMENT_TARGET = 11.0;
				LD_RUNPATH_SEARCH_PATHS = "$(inherited) @executable_path/Frameworks @loader_path/Frameworks";
				PRODUCT_BUNDLE_IDENTIFIER = "net.voidstern.App-Tools";
				PRODUCT_NAME = "$(TARGET_NAME)";
				SKIP_INSTALL = YES;
				SWIFT_VERSION = 4.2;
			};
			name = Release;
		};
/* End XCBuildConfiguration section */

/* Begin XCConfigurationList section */
		54211D221F54BD4600E8371C /* Build configuration list for PBXNativeTarget "AppToolsWatch" */ = {
			isa = XCConfigurationList;
			buildConfigurations = (
				54211D231F54BD4600E8371C /* Debug */,
				54211D241F54BD4600E8371C /* Release */,
			);
			defaultConfigurationIsVisible = 0;
			defaultConfigurationName = Release;
		};
		54EDB31F1EC848E800BB5061 /* Build configuration list for PBXProject "VSCAppTools" */ = {
			isa = XCConfigurationList;
			buildConfigurations = (
				54EDB32B1EC848E900BB5061 /* Debug */,
				54EDB32C1EC848E900BB5061 /* Release */,
			);
			defaultConfigurationIsVisible = 0;
			defaultConfigurationName = Release;
		};
		54EDB3551EC84A5F00BB5061 /* Build configuration list for PBXNativeTarget "AppToolsMobile" */ = {
			isa = XCConfigurationList;
			buildConfigurations = (
				54EDB3531EC84A5F00BB5061 /* Debug */,
				54EDB3541EC84A5F00BB5061 /* Release */,
			);
			defaultConfigurationIsVisible = 0;
			defaultConfigurationName = Release;
		};
/* End XCConfigurationList section */
	};
	rootObject = 54EDB31C1EC848E800BB5061 /* Project object */;
}
